
Microsoft Visual Studio Solution File, Format Version 12.00
# Visual Studio 2013
VisualStudioVersion = 12.0.21005.1
MinimumVisualStudioVersion = 10.0.40219.1
Project("{FAE04EC0-301F-11D3-BF4B-00C04F79EFBC}") = "Counter", "courseproject\Counter.csproj", "{977B5FFD-74FF-44A1-8F08-5E0B2A36EAFA}"
EndProject
Project("{FAE04EC0-301F-11D3-BF4B-00C04F79EFBC}") = "FrequencyAnalyze", "WindowsFormsApplication1\FrequencyAnalyze.csproj", "{AA0E91BA-E89C-47E9-9493-D2093570C3AF}"
EndProject
Project("{FAE04EC0-301F-11D3-BF4B-00C04F79EFBC}") = "ProjectController", "ClassLibrary1\ProjectController.csproj", "{D682C14B-00F1-4798-B345-892BB732225C}"
EndProject
Project("{FAE04EC0-301F-11D3-BF4B-00C04F79EFBC}") = "Cipher", "Cipher\Cipher.csproj", "{DC9DF29B-4480-4416-B0ED-9C302CBAFCF6}"
EndProject
Global
	GlobalSection(SolutionConfigurationPlatforms) = preSolution
		Debug|Any CPU = Debug|Any CPU
		Release|Any CPU = Release|Any CPU
	EndGlobalSection
	GlobalSection(ProjectConfigurationPlatforms) = postSolution
		{977B5FFD-74FF-44A1-8F08-5E0B2A36EAFA}.Debug|Any CPU.ActiveCfg = Debug|Any CPU
		{977B5FFD-74FF-44A1-8F08-5E0B2A36EAFA}.Debug|Any CPU.Build.0 = Debug|Any CPU
		{977B5FFD-74FF-44A1-8F08-5E0B2A36EAFA}.Release|Any CPU.ActiveCfg = Release|Any CPU
		{977B5FFD-74FF-44A1-8F08-5E0B2A36EAFA}.Release|Any CPU.Build.0 = Release|Any CPU
		{AA0E91BA-E89C-47E9-9493-D2093570C3AF}.Debug|Any CPU.ActiveCfg = Debug|Any CPU
		{AA0E91BA-E89C-47E9-9493-D2093570C3AF}.Debug|Any CPU.Build.0 = Debug|Any CPU
		{AA0E91BA-E89C-47E9-9493-D2093570C3AF}.Release|Any CPU.ActiveCfg = Release|Any CPU
		{AA0E91BA-E89C-47E9-9493-D2093570C3AF}.Release|Any CPU.Build.0 = Release|Any CPU
		{D682C14B-00F1-4798-B345-892BB732225C}.Debug|Any CPU.ActiveCfg = Debug|Any CPU
		{D682C14B-00F1-4798-B345-892BB732225C}.Debug|Any CPU.Build.0 = Debug|Any CPU
		{D682C14B-00F1-4798-B345-892BB732225C}.Release|Any CPU.ActiveCfg = Release|Any CPU
		{D682C14B-00F1-4798-B345-892BB732225C}.Release|Any CPU.Build.0 = Release|Any CPU
		{DC9DF29B-4480-4416-B0ED-9C302CBAFCF6}.Debug|Any CPU.ActiveCfg = Debug|Any CPU
		{DC9DF29B-4480-4416-B0ED-9C302CBAFCF6}.Debug|Any CPU.Build.0 = Debug|Any CPU
		{DC9DF29B-4480-4416-B0ED-9C302CBAFCF6}.Release|Any CPU.ActiveCfg = Release|Any CPU
		{DC9DF29B-4480-4416-B0ED-9C302CBAFCF6}.Release|Any CPU.Build.0 = Release|Any CPU
	EndGlobalSection
	GlobalSection(SolutionProperties) = preSolution
		HideSolutionNode = FALSE
	EndGlobalSection
EndGlobal
